
Microsoft Visual Studio Solution File, Format Version 12.00
# Visual Studio Version 17
VisualStudioVersion = 17.6.33829.357
MinimumVisualStudioVersion = 10.0.40219.1
Project("{FAE04EC0-301F-11D3-BF4B-00C04F79EFBC}") = "EsportsTour", "EsportsTour\EsportsTour.csproj", "{01201521-3415-4B49-8AE9-C0DE499DE623}"
EndProject
Global
	GlobalSection(SolutionConfigurationPlatforms) = preSolution
		Debug|Any CPU = Debug|Any CPU
		Release|Any CPU = Release|Any CPU
	EndGlobalSection
	GlobalSection(ProjectConfigurationPlatforms) = postSolution
		{01201521-3415-4B49-8AE9-C0DE499DE623}.Debug|Any CPU.ActiveCfg = Debug|Any CPU
		{01201521-3415-4B49-8AE9-C0DE499DE623}.Debug|Any CPU.Build.0 = Debug|Any CPU
		{01201521-3415-4B49-8AE9-C0DE499DE623}.Release|Any CPU.ActiveCfg = Release|Any CPU
		{01201521-3415-4B49-8AE9-C0DE499DE623}.Release|Any CPU.Build.0 = Release|Any CPU
	EndGlobalSection
	GlobalSection(SolutionProperties) = preSolution
		HideSolutionNode = FALSE
	EndGlobalSection
	GlobalSection(ExtensibilityGlobals) = postSolution
		SolutionGuid = {57E672C2-40BA-4DA5-A042-FD28D4ADB2FA}
	EndGlobalSection
EndGlobal
